
Microsoft Visual Studio Solution File, Format Version 12.00
# Visual Studio Version 16
VisualStudioVersion = 16.0.32002.261
MinimumVisualStudioVersion = 10.0.40219.1
Project("{9A19103F-16F7-4668-BE54-9A1E7A4F7556}") = "ProjetoCallCenter.Server", "Server\ProjetoCallCenter.Server.csproj", "{DA1288B3-B232-4803-8558-62BE8A9BE8D4}"
EndProject
Project("{9A19103F-16F7-4668-BE54-9A1E7A4F7556}") = "ProjetoCallCenter.Client", "Client\ProjetoCallCenter.Client.csproj", "{0057FDA1-53BE-4441-9DA1-1359D246BE32}"
EndProject
Project("{9A19103F-16F7-4668-BE54-9A1E7A4F7556}") = "ProjetoCallCenter.Shared", "Shared\ProjetoCallCenter.Shared.csproj", "{41C40B65-F7B8-4AA3-8C66-CE685F177A3B}"
EndProject
Project("{2150E333-8FDC-42A3-9474-1A3956D46DE8}") = "Solution Items", "Solution Items", "{FFF435C3-E281-4679-9B20-8F8CC5153F6B}"
	ProjectSection(SolutionItems) = preProject
		comandos1.txt = comandos1.txt
	EndProjectSection
EndProject
Global
	GlobalSection(SolutionConfigurationPlatforms) = preSolution
		Debug|Any CPU = Debug|Any CPU
		Release|Any CPU = Release|Any CPU
	EndGlobalSection
	GlobalSection(ProjectConfigurationPlatforms) = postSolution
		{DA1288B3-B232-4803-8558-62BE8A9BE8D4}.Debug|Any CPU.ActiveCfg = Debug|Any CPU
		{DA1288B3-B232-4803-8558-62BE8A9BE8D4}.Debug|Any CPU.Build.0 = Debug|Any CPU
		{DA1288B3-B232-4803-8558-62BE8A9BE8D4}.Release|Any CPU.ActiveCfg = Release|Any CPU
		{DA1288B3-B232-4803-8558-62BE8A9BE8D4}.Release|Any CPU.Build.0 = Release|Any CPU
		{0057FDA1-53BE-4441-9DA1-1359D246BE32}.Debug|Any CPU.ActiveCfg = Debug|Any CPU
		{0057FDA1-53BE-4441-9DA1-1359D246BE32}.Debug|Any CPU.Build.0 = Debug|Any CPU
		{0057FDA1-53BE-4441-9DA1-1359D246BE32}.Release|Any CPU.ActiveCfg = Release|Any CPU
		{0057FDA1-53BE-4441-9DA1-1359D246BE32}.Release|Any CPU.Build.0 = Release|Any CPU
		{41C40B65-F7B8-4AA3-8C66-CE685F177A3B}.Debug|Any CPU.ActiveCfg = Debug|Any CPU
		{41C40B65-F7B8-4AA3-8C66-CE685F177A3B}.Debug|Any CPU.Build.0 = Debug|Any CPU
		{41C40B65-F7B8-4AA3-8C66-CE685F177A3B}.Release|Any CPU.ActiveCfg = Release|Any CPU
		{41C40B65-F7B8-4AA3-8C66-CE685F177A3B}.Release|Any CPU.Build.0 = Release|Any CPU
	EndGlobalSection
	GlobalSection(SolutionProperties) = preSolution
		HideSolutionNode = FALSE
	EndGlobalSection
	GlobalSection(ExtensibilityGlobals) = postSolution
		SolutionGuid = {82A9DC62-7BA2-4EBE-B661-5861B9456F36}
	EndGlobalSection
EndGlobal
